
Microsoft Visual Studio Solution File, Format Version 12.00
# Visual Studio Version 17
VisualStudioVersion = 17.13.35913.81 d17.13
MinimumVisualStudioVersion = 10.0.40219.1
Project("{FAE04EC0-301F-11D3-BF4B-00C04F79EFBC}") = "Drawing-Complex", "Drawing-Complex.csproj", "{A538CD4E-8038-43E3-86ED-E154EF1D660B}"
EndProject
Global
	GlobalSection(SolutionConfigurationPlatforms) = preSolution
		Debug|Any CPU = Debug|Any CPU
		Release|Any CPU = Release|Any CPU
	EndGlobalSection
	GlobalSection(ProjectConfigurationPlatforms) = postSolution
		{A538CD4E-8038-43E3-86ED-E154EF1D660B}.Debug|Any CPU.ActiveCfg = Debug|Any CPU
		{A538CD4E-8038-43E3-86ED-E154EF1D660B}.Debug|Any CPU.Build.0 = Debug|Any CPU
		{A538CD4E-8038-43E3-86ED-E154EF1D660B}.Release|Any CPU.ActiveCfg = Release|Any CPU
		{A538CD4E-8038-43E3-86ED-E154EF1D660B}.Release|Any CPU.Build.0 = Release|Any CPU
	EndGlobalSection
	GlobalSection(SolutionProperties) = preSolution
		HideSolutionNode = FALSE
	EndGlobalSection
	GlobalSection(ExtensibilityGlobals) = postSolution
		SolutionGuid = {F36B38A8-B344-4916-B307-3A98212E45C5}
	EndGlobalSection
EndGlobal
